Microsoft Visual Studio Solution File, Format Version 12.00
# Visual Studio Version 17
VisualStudioVersion = 17.5.2.0
MinimumVisualStudioVersion = 10.0.40219.1
Project("{FAE04EC0-301F-11D3-BF4B-00C04F79EFBC}") = "LearnDartsMath.Api", "LearnDartsMath.Api.csproj", "{BA15EFDF-43F3-B6CA-01BD-49142BB431B7}"
EndProject
Global
	GlobalSection(SolutionConfigurationPlatforms) = preSolution
		Debug|Any CPU = Debug|Any CPU
		Release|Any CPU = Release|Any CPU
	EndGlobalSection
	GlobalSection(ProjectConfigurationPlatforms) = postSolution
		{BA15EFDF-43F3-B6CA-01BD-49142BB431B7}.Debug|Any CPU.ActiveCfg = Debug|Any CPU
		{BA15EFDF-43F3-B6CA-01BD-49142BB431B7}.Debug|Any CPU.Build.0 = Debug|Any CPU
		{BA15EFDF-43F3-B6CA-01BD-49142BB431B7}.Release|Any CPU.ActiveCfg = Release|Any CPU
		{BA15EFDF-43F3-B6CA-01BD-49142BB431B7}.Release|Any CPU.Build.0 = Release|Any CPU
	EndGlobalSection
	GlobalSection(SolutionProperties) = preSolution
		HideSolutionNode = FALSE
	EndGlobalSection
	GlobalSection(ExtensibilityGlobals) = postSolution
		SolutionGuid = {606ABE71-FA27-40E0-968F-86BEEADD7FFB}
	EndGlobalSection
EndGlobal
